DEPENDENCIES
  apache2
    git: git://github.com/fishnix/apache2-cookbook.git
    revision: 6fc5b7001778cf1de13ae9967e6f0ab845504ae0
  memcached
    git: git://github.com/fishnix/memcached-cookbook.git
    revision: 70c7a6a001d60e50f7a6d4684c6121f0014d9a35
  php5
    path: .
    metadata: true
  yum (~> 3.2.1)
  yum-epel (~> 0.3.6)

GRAPH
  apache2 (0.0.3)
  memcached (0.0.1)
  php5 (0.0.3)
    apache2 (>= 0.0.0)
  yum (3.2.2)
  yum-epel (0.3.6)
    yum (~> 3.0)
